Microsoft Visual Studio Solution File, Format Version 12.00
# Visual Studio Version 17
VisualStudioVersion = 17.5.2.0
MinimumVisualStudioVersion = 10.0.40219.1
Project("{FAE04EC0-301F-11D3-BF4B-00C04F79EFBC}") = "Encapsulation-class", "Encapsulation-class.csproj", "{2AB2CC3C-5877-9FE5-901C-C948ACC29187}"
EndProject
Global
	GlobalSection(SolutionConfigurationPlatforms) = preSolution
		Debug|Any CPU = Debug|Any CPU
		Release|Any CPU = Release|Any CPU
	EndGlobalSection
	GlobalSection(ProjectConfigurationPlatforms) = postSolution
		{2AB2CC3C-5877-9FE5-901C-C948ACC29187}.Debug|Any CPU.ActiveCfg = Debug|Any CPU
		{2AB2CC3C-5877-9FE5-901C-C948ACC29187}.Debug|Any CPU.Build.0 = Debug|Any CPU
		{2AB2CC3C-5877-9FE5-901C-C948ACC29187}.Release|Any CPU.ActiveCfg = Release|Any CPU
		{2AB2CC3C-5877-9FE5-901C-C948ACC29187}.Release|Any CPU.Build.0 = Release|Any CPU
	EndGlobalSection
	GlobalSection(SolutionProperties) = preSolution
		HideSolutionNode = FALSE
	EndGlobalSection
	GlobalSection(ExtensibilityGlobals) = postSolution
		SolutionGuid = {83FC70C9-1DCA-4A26-A12A-2F80DDC167F3}
	EndGlobalSection
EndGlobal
